// !$*UTF8*$!
{
	archiveVersion = 1;
	classes = {
	};
	objectVersion = 77;
	objects = {

/* Begin PBXBuildFile section */
		4E70000000000000000000C1 /* NetworkKit in Frameworks */ = {isa = PBXBuildFile; productRef = 4E70000000000000000000C2 /* NetworkKit */; };
		5EEC000000000000000000A1 /* SpeechKit in Frameworks */ = {isa = PBXBuildFile; productRef = 5EEC000000000000000000A2 /* SpeechKit */; };
		6E0C170000000000000000A1 /* GeoNavKit in Frameworks */ = {isa = PBXBuildFile; productRef = 6E0C170000000000000000A2 /* GeoNavKit */; };
		A7C9DD0000000000000000D1 /* ATCParserKit in Frameworks */ = {isa = PBXBuildFile; productRef = A7C9DD0000000000000000D2 /* ATCParserKit */; };
		6E0C170000000000000000B1 /* GeoNavKit in Frameworks */ = {isa = PBXBuildFile; productRef = 6E0C170000000000000000B2 /* GeoNavKit */; };
		8B7FEE2E2FEC24E10055FDF8 /* MapLibre in Frameworks */ = {isa = PBXBuildFile; productRef = 8B7FEE2D2FEC24E10055FDF8 /* MapLibre */; };
		A1A1A1A1A1A1A1A1A1A1A101 /* GoogleMaps in Frameworks */ = {isa = PBXBuildFile; productRef = A1A1A1A1A1A1A1A1A1A1A102 /* GoogleMaps */; };
		A7C000000000000000000E1 /* ATCSimKit in Frameworks */ = {isa = PBXBuildFile; productRef = A7C000000000000000000E2 /* ATCSimKit */; };
		A7C000000000000000000F1 /* ATCSimKit in Frameworks */ = {isa = PBXBuildFile; productRef = A7C000000000000000000F2 /* ATCSimKit */; };
		C5C5C5C5C5C5C5C5C5C5C501 /* MicrosoftCognitiveServicesSpeech in Frameworks */ = {isa = PBXBuildFile; productRef = C5C5C5C5C5C5C5C5C5C5C502 /* MicrosoftCognitiveServicesSpeech */; };
/* End PBXBuildFile section */

/* Begin PBXContainerItemProxy section */
		8B7FEE102FEC24A90055FDF8 /* PBXContainerItemProxy */ = {
			isa = PBXContainerItemProxy;
			containerPortal = 8B7FEDF82FEC24A70055FDF8 /* Project object */;
			proxyType = 1;
			remoteGlobalIDString = 8B7FEDFF2FEC24A70055FDF8;
			remoteInfo = VectraPro;
		};
		8B7FEE1A2FEC24A90055FDF8 /* PBXContainerItemProxy */ = {
			isa = PBXContainerItemProxy;
			containerPortal = 8B7FEDF82FEC24A70055FDF8 /* Project object */;
			proxyType = 1;
			remoteGlobalIDString = 8B7FEDFF2FEC24A70055FDF8;
			remoteInfo = VectraPro;
		};
/* End PBXContainerItemProxy section */

/* Begin PBXFileReference section */
		8B7FEE002FEC24A70055FDF8 /* VectraPro.app */ = {isa = PBXFileReference; explicitFileType = wrapper.application; includeInIndex = 0; path = VectraPro.app; sourceTree = BUILT_PRODUCTS_DIR; };
		8B7FEE0F2FEC24A90055FDF8 /* VectraProTests.xctest */ = {isa = PBXFileReference; explicitFileType = wrapper.cfbundle; includeInIndex = 0; path = VectraProTests.xctest; sourceTree = BUILT_PRODUCTS_DIR; };
		8B7FEE192FEC24A90055FDF8 /* VectraProUITests.xctest */ = {isa = PBXFileReference; explicitFileType = wrapper.cfbundle; includeInIndex = 0; path = VectraProUITests.xctest; sourceTree = BUILT_PRODUCTS_DIR; };
/* End PBXFileReference section */

/* Begin PBXFileSystemSynchronizedRootGroup section */
		8B7FEE022FEC24A70055FDF8 /* VectraPro */ = {
			isa = PBXFileSystemSynchronizedRootGroup;
			path = VectraPro;
			sourceTree = "<group>";
		};
		8B7FEE122FEC24A90055FDF8 /* VectraProTests */ = {
			isa = PBXFileSystemSynchronizedRootGroup;
			path = VectraProTests;
			sourceTree = "<group>";
		};
		8B7FEE1C2FEC24A90055FDF8 /* VectraProUITests */ = {
			isa = PBXFileSystemSynchronizedRootGroup;
			path = VectraProUITests;
			sourceTree = "<group>";
		};
/* End PBXFileSystemSynchronizedRootGroup section */

/* Begin PBXFrameworksBuildPhase section */
		8B7FEDFD2FEC24A70055FDF8 /* Frameworks */ = {
			isa = PBXFrameworksBuildPhase;
			buildActionMask = 2147483647;
			files = (
				8B7FEE2E2FEC24E10055FDF8 /* MapLibre in Frameworks */,
				C5C5C5C5C5C5C5C5C5C5C501 /* MicrosoftCognitiveServicesSpeech in Frameworks */,
				6E0C170000000000000000A1 /* GeoNavKit in Frameworks */,
				A7C9DD0000000000000000D1 /* ATCParserKit in Frameworks */,
				4E70000000000000000000C1 /* NetworkKit in Frameworks */,
				A7C000000000000000000E1 /* ATCSimKit in Frameworks */,
				5EEC000000000000000000A1 /* SpeechKit in Frameworks */,
				A1A1A1A1A1A1A1A1A1A1A101 /* GoogleMaps in Frameworks */,
			);
			runOnlyForDeploymentPostprocessing = 0;
		};
		8B7FEE0C2FEC24A90055FDF8 /* Frameworks */ = {
			isa = PBXFrameworksBuildPhase;
			buildActionMask = 2147483647;
			files = (
				6E0C170000000000000000B1 /* GeoNavKit in Frameworks */,
				A7C000000000000000000F1 /* ATCSimKit in Frameworks */,
			);
			runOnlyForDeploymentPostprocessing = 0;
		};
		8B7FEE162FEC24A90055FDF8 /* Frameworks */ = {
			isa = PBXFrameworksBuildPhase;
			buildActionMask = 2147483647;
			files = (
			);
			runOnlyForDeploymentPostprocessing = 0;
		};
/* End PBXFrameworksBuildPhase section */

/* Begin PBXGroup section */
		8B7FEDF72FEC24A70055FDF8 = {
			isa = PBXGroup;
			children = (
				8B7FEE022FEC24A70055FDF8 /* VectraPro */,
				8B7FEE122FEC24A90055FDF8 /* VectraProTests */,
				8B7FEE1C2FEC24A90055FDF8 /* VectraProUITests */,
				8B7FEE012FEC24A70055FDF8 /* Products */,
			);
			sourceTree = "<group>";
		};
		8B7FEE012FEC24A70055FDF8 /* Products */ = {
			isa = PBXGroup;
			children = (
				8B7FEE002FEC24A70055FDF8 /* VectraPro.app */,
				8B7FEE0F2FEC24A90055FDF8 /* VectraProTests.xctest */,
				8B7FEE192FEC24A90055FDF8 /* VectraProUITests.xctest */,
			);
			name = Products;
			sourceTree = "<group>";
		};
/* End PBXGroup section */

/* Begin PBXNativeTarget section */
		8B7FEDFF2FEC24A70055FDF8 /* VectraPro */ = {
			isa = PBXNativeTarget;
			buildConfigurationList = 8B7FEE232FEC24A90055FDF8 /* Build configuration list for PBXNativeTarget "VectraPro" */;
			buildPhases = (
				8B7FEDFC2FEC24A70055FDF8 /* Sources */,
				8B7FEDFD2FEC24A70055FDF8 /* Frameworks */,
				8B7FEDFE2FEC24A70055FDF8 /* Resources */,
			);
			buildRules = (
			);
			dependencies = (
			);
			fileSystemSynchronizedGroups = (
				8B7FEE022FEC24A70055FDF8 /* VectraPro */,
			);
			name = VectraPro;
			packageProductDependencies = (
				8B7FEE2D2FEC24E10055FDF8 /* MapLibre */,
				C5C5C5C5C5C5C5C5C5C5C502 /* MicrosoftCognitiveServicesSpeech */,
				6E0C170000000000000000A2 /* GeoNavKit */,
				A7C9DD0000000000000000D2 /* ATCParserKit */,
				4E70000000000000000000C2 /* NetworkKit */,
				A7C000000000000000000E2 /* ATCSimKit */,
				5EEC000000000000000000A2 /* SpeechKit */,
				A1A1A1A1A1A1A1A1A1A1A102 /* GoogleMaps */,
			);
			productName = VectraPro;
			productReference = 8B7FEE002FEC24A70055FDF8 /* VectraPro.app */;
			productType = "com.apple.product-type.application";
		};
		8B7FEE0E2FEC24A90055FDF8 /* VectraProTests */ = {
			isa = PBXNativeTarget;
			buildConfigurationList = 8B7FEE262FEC24A90055FDF8 /* Build configuration list for PBXNativeTarget "VectraProTests" */;
			buildPhases = (
				8B7FEE0B2FEC24A90055FDF8 /* Sources */,
				8B7FEE0C2FEC24A90055FDF8 /* Frameworks */,
				8B7FEE0D2FEC24A90055FDF8 /* Resources */,
			);
			buildRules = (
			);
			dependencies = (
				8B7FEE112FEC24A90055FDF8 /* PBXTargetDependency */,
			);
			fileSystemSynchronizedGroups = (
				8B7FEE122FEC24A90055FDF8 /* VectraProTests */,
			);
			name = VectraProTests;
			packageProductDependencies = (
				6E0C170000000000000000B2 /* GeoNavKit */,
				A7C000000000000000000F2 /* ATCSimKit */,
			);
			productName = VectraProTests;
			productReference = 8B7FEE0F2FEC24A90055FDF8 /* VectraProTests.xctest */;
			productType = "com.apple.product-type.bundle.unit-test";
		};
		8B7FEE182FEC24A90055FDF8 /* VectraProUITests */ = {
			isa = PBXNativeTarget;
			buildConfigurationList = 8B7FEE292FEC24A90055FDF8 /* Build configuration list for PBXNativeTarget "VectraProUITests" */;
			buildPhases = (
				8B7FEE152FEC24A90055FDF8 /* Sources */,
				8B7FEE162FEC24A90055FDF8 /* Frameworks */,
				8B7FEE172FEC24A90055FDF8 /* Resources */,
			);
			buildRules = (
			);
			dependencies = (
				8B7FEE1B2FEC24A90055FDF8 /* PBXTargetDependency */,
			);
			fileSystemSynchronizedGroups = (
				8B7FEE1C2FEC24A90055FDF8 /* VectraProUITests */,
			);
			name = VectraProUITests;
			packageProductDependencies = (
			);
			productName = VectraProUITests;
			productReference = 8B7FEE192FEC24A90055FDF8 /* VectraProUITests.xctest */;
			productType = "com.apple.product-type.bundle.ui-testing";
		};
/* End PBXNativeTarget section */

/* Begin PBXProject section */
		8B7FEDF82FEC24A70055FDF8 /* Project object */ = {
			isa = PBXProject;
			attributes = {
				BuildIndependentTargetsInParallel = 1;
				LastSwiftUpdateCheck = 2630;
				LastUpgradeCheck = 2630;
				TargetAttributes = {
					8B7FEDFF2FEC24A70055FDF8 = {
						CreatedOnToolsVersion = 26.3;
					};
					8B7FEE0E2FEC24A90055FDF8 = {
						CreatedOnToolsVersion = 26.3;
						TestTargetID = 8B7FEDFF2FEC24A70055FDF8;
					};
					8B7FEE182FEC24A90055FDF8 = {
						CreatedOnToolsVersion = 26.3;
						TestTargetID = 8B7FEDFF2FEC24A70055FDF8;
					};
				};
			};
			buildConfigurationList = 8B7FEDFB2FEC24A70055FDF8 /* Build configuration list for PBXProject "VectraPro" */;
			developmentRegion = en;
			hasScannedForEncodings = 0;
			knownRegions = (
				en,
				Base,
			);
			mainGroup = 8B7FEDF72FEC24A70055FDF8;
			minimizedProjectReferenceProxies = 1;
			packageReferences = (
				8B7FEE2C2FEC24E10055FDF8 /* XCRemoteSwiftPackageReference "maplibre-gl-native-distribution" */,
				C5C5C5C5C5C5C5C5C5C5C503 /* XCLocalSwiftPackageReference "LocalPackages/MicrosoftCognitiveServicesSpeech" */,
				6E0C170000000000000000A3 /* XCRemoteSwiftPackageReference "GeoNavKit" */,
				A7C9DD0000000000000000D3 /* XCRemoteSwiftPackageReference "ATCParserKit" */,
				4E70000000000000000000C3 /* XCLocalSwiftPackageReference "LocalPackages/NetworkKit" */,
				A7C000000000000000000E3 /* XCLocalSwiftPackageReference "LocalPackages/ATCSimKit" */,
				5EEC000000000000000000A3 /* XCLocalSwiftPackageReference "LocalPackages/SpeechKit" */,
				A1A1A1A1A1A1A1A1A1A1A103 /* XCRemoteSwiftPackageReference "ios-maps-sdk" */,
			);
			preferredProjectObjectVersion = 77;
			productRefGroup = 8B7FEE012FEC24A70055FDF8 /* Products */;
			projectDirPath = "";
			projectRoot = "";
			targets = (
				8B7FEDFF2FEC24A70055FDF8 /* VectraPro */,
				8B7FEE0E2FEC24A90055FDF8 /* VectraProTests */,
				8B7FEE182FEC24A90055FDF8 /* VectraProUITests */,
			);
		};
/* End PBXProject section */

/* Begin PBXResourcesBuildPhase section */
		8B7FEDFE2FEC24A70055FDF8 /* Resources */ = {
			isa = PBXResourcesBuildPhase;
			buildActionMask = 2147483647;
			files = (
			);
			runOnlyForDeploymentPostprocessing = 0;
		};
		8B7FEE0D2FEC24A90055FDF8 /* Resources */ = {
			isa = PBXResourcesBuildPhase;
			buildActionMask = 2147483647;
			files = (
			);
			runOnlyForDeploymentPostprocessing = 0;
		};
		8B7FEE172FEC24A90055FDF8 /* Resources */ = {
			isa = PBXResourcesBuildPhase;
			buildActionMask = 2147483647;
			files = (
			);
			runOnlyForDeploymentPostprocessing = 0;
		};
/* End PBXResourcesBuildPhase section */

/* Begin PBXSourcesBuildPhase section */
		8B7FEDFC2FEC24A70055FDF8 /* Sources */ = {
			isa = PBXSourcesBuildPhase;
			buildActionMask = 2147483647;
			files = (
			);
			runOnlyForDeploymentPostprocessing = 0;
		};
		8B7FEE0B2FEC24A90055FDF8 /* Sources */ = {
			isa = PBXSourcesBuildPhase;
			buildActionMask = 2147483647;
			files = (
			);
			runOnlyForDeploymentPostprocessing = 0;
		};
		8B7FEE152FEC24A90055FDF8 /* Sources */ = {
			isa = PBXSourcesBuildPhase;
			buildActionMask = 2147483647;
			files = (
			);
			runOnlyForDeploymentPostprocessing = 0;
		};
/* End PBXSourcesBuildPhase section */

/* Begin PBXTargetDependency section */
		8B7FEE112FEC24A90055FDF8 /* PBXTargetDependency */ = {
			isa = PBXTargetDependency;
			target = 8B7FEDFF2FEC24A70055FDF8 /* VectraPro */;
			targetProxy = 8B7FEE102FEC24A90055FDF8 /* PBXContainerItemProxy */;
		};
		8B7FEE1B2FEC24A90055FDF8 /* PBXTargetDependency */ = {
			isa = PBXTargetDependency;
			target = 8B7FEDFF2FEC24A70055FDF8 /* VectraPro */;
			targetProxy = 8B7FEE1A2FEC24A90055FDF8 /* PBXContainerItemProxy */;
		};
/* End PBXTargetDependency section */

/* Begin XCBuildConfiguration section */
		8B7FEE212FEC24A90055FDF8 /* Debug */ = {
			isa = XCBuildConfiguration;
			buildSettings = {
				ALWAYS_SEARCH_USER_PATHS = NO;
				ASSETCATALOG_COMPILER_GENERATE_SWIFT_ASSET_SYMBOL_EXTENSIONS = YES;
				CLANG_ANALYZER_NONNULL = YES;
				CLANG_ANALYZER_NUMBER_OBJECT_CONVERSION = YES_AGGRESSIVE;
				CLANG_CXX_LANGUAGE_STANDARD = "gnu++20";
				CLANG_ENABLE_MODULES = YES;
				CLANG_ENABLE_OBJC_ARC = YES;
				CLANG_ENABLE_OBJC_WEAK = YES;
				CLANG_WARN_BLOCK_CAPTURE_AUTORELEASING = YES;
				CLANG_WARN_BOOL_CONVERSION = YES;
				CLANG_WARN_COMMA = YES;
				CLANG_WARN_CONSTANT_CONVERSION = YES;
				CLANG_WARN_DEPRECATED_OBJC_IMPLEMENTATIONS = YES;
				CLANG_WARN_DIRECT_OBJC_ISA_USAGE = YES_ERROR;
				CLANG_WARN_DOCUMENTATION_COMMENTS = YES;
				CLANG_WARN_EMPTY_BODY = YES;
				CLANG_WARN_ENUM_CONVERSION = YES;
				CLANG_WARN_INFINITE_RECURSION = YES;
				CLANG_WARN_INT_CONVERSION = YES;
				CLANG_WARN_NON_LITERAL_NULL_CONVERSION = YES;
				CLANG_WARN_OBJC_IMPLICIT_RETAIN_SELF = YES;
				CLANG_WARN_OBJC_LITERAL_CONVERSION = YES;
				CLANG_WARN_OBJC_ROOT_CLASS = YES_ERROR;
				CLANG_WARN_QUOTED_INCLUDE_IN_FRAMEWORK_HEADER = YES;
				CLANG_WARN_RANGE_LOOP_ANALYSIS = YES;
				CLANG_WARN_STRICT_PROTOTYPES = YES;
				CLANG_WARN_SUSPICIOUS_MOVE = YES;
				CLANG_WARN_UNGUARDED_AVAILABILITY = YES_AGGRESSIVE;
				CLANG_WARN_UNREACHABLE_CODE = YES;
				CLANG_WARN__DUPLICATE_METHOD_MATCH = YES;
				COPY_PHASE_STRIP = NO;
				DEBUG_INFORMATION_FORMAT = dwarf;
				DEVELOPMENT_TEAM = SPGHN7NVU3;
				ENABLE_STRICT_OBJC_MSGSEND = YES;
				ENABLE_TESTABILITY = YES;
				ENABLE_USER_SCRIPT_SANDBOXING = YES;
				GCC_C_LANGUAGE_STANDARD = gnu17;
				GCC_DYNAMIC_NO_PIC = NO;
				GCC_NO_COMMON_BLOCKS = YES;
				GCC_OPTIMIZATION_LEVEL = 0;
				GCC_PREPROCESSOR_DEFINITIONS = (
					"DEBUG=1",
					"$(inherited)",
				);
				GCC_WARN_64_TO_32_BIT_CONVERSION = YES;
				GCC_WARN_ABOUT_RETURN_TYPE = YES_ERROR;
				GCC_WARN_UNDECLARED_SELECTOR = YES;
				GCC_WARN_UNINITIALIZED_AUTOS = YES_AGGRESSIVE;
				GCC_WARN_UNUSED_FUNCTION = YES;
				GCC_WARN_UNUSED_VARIABLE = YES;
				IPHONEOS_DEPLOYMENT_TARGET = 26.2;
				LOCALIZATION_PREFERS_STRING_CATALOGS = YES;
				MTL_ENABLE_DEBUG_INFO = INCLUDE_SOURCE;
				MTL_FAST_MATH = YES;
				ONLY_ACTIVE_ARCH = YES;
				SDKROOT = iphoneos;
				SWIFT_ACTIVE_COMPILATION_CONDITIONS = "DEBUG $(inherited)";
				SWIFT_OPTIMIZATION_LEVEL = "-Onone";
			};
			name = Debug;
		};
		8B7FEE222FEC24A90055FDF8 /* Release */ = {
			isa = XCBuildConfiguration;
			buildSettings = {
				ALWAYS_SEARCH_USER_PATHS = NO;
				ASSETCATALOG_COMPILER_GENERATE_SWIFT_ASSET_SYMBOL_EXTENSIONS = YES;
				CLANG_ANALYZER_NONNULL = YES;
				CLANG_ANALYZER_NUMBER_OBJECT_CONVERSION = YES_AGGRESSIVE;
				CLANG_CXX_LANGUAGE_STANDARD = "gnu++20";
				CLANG_ENABLE_MODULES = YES;
				CLANG_ENABLE_OBJC_ARC = YES;
				CLANG_ENABLE_OBJC_WEAK = YES;
				CLANG_WARN_BLOCK_CAPTURE_AUTORELEASING = YES;
				CLANG_WARN_BOOL_CONVERSION = YES;
				CLANG_WARN_COMMA = YES;
				CLANG_WARN_CONSTANT_CONVERSION = YES;
				CLANG_WARN_DEPRECATED_OBJC_IMPLEMENTATIONS = YES;
				CLANG_WARN_DIRECT_OBJC_ISA_USAGE = YES_ERROR;
				CLANG_WARN_DOCUMENTATION_COMMENTS = YES;
				CLANG_WARN_EMPTY_BODY = YES;
				CLANG_WARN_ENUM_CONVERSION = YES;
				CLANG_WARN_INFINITE_RECURSION = YES;
				CLANG_WARN_INT_CONVERSION = YES;
				CLANG_WARN_NON_LITERAL_NULL_CONVERSION = YES;
				CLANG_WARN_OBJC_IMPLICIT_RETAIN_SELF = YES;
				CLANG_WARN_OBJC_LITERAL_CONVERSION = YES;
				CLANG_WARN_OBJC_ROOT_CLASS = YES_ERROR;
				CLANG_WARN_QUOTED_INCLUDE_IN_FRAMEWORK_HEADER = YES;
				CLANG_WARN_RANGE_LOOP_ANALYSIS = YES;
				CLANG_WARN_STRICT_PROTOTYPES = YES;
				CLANG_WARN_SUSPICIOUS_MOVE = YES;
				CLANG_WARN_UNGUARDED_AVAILABILITY = YES_AGGRESSIVE;
				CLANG_WARN_UNREACHABLE_CODE = YES;
				CLANG_WARN__DUPLICATE_METHOD_MATCH = YES;
				COPY_PHASE_STRIP = NO;
				DEBUG_INFORMATION_FORMAT = "dwarf-with-dsym";
				DEVELOPMENT_TEAM = SPGHN7NVU3;
				ENABLE_NS_ASSERTIONS = NO;
				ENABLE_STRICT_OBJC_MSGSEND = YES;
				ENABLE_USER_SCRIPT_SANDBOXING = YES;
				GCC_C_LANGUAGE_STANDARD = gnu17;
				GCC_NO_COMMON_BLOCKS = YES;
				GCC_WARN_64_TO_32_BIT_CONVERSION = YES;
				GCC_WARN_ABOUT_RETURN_TYPE = YES_ERROR;
				GCC_WARN_UNDECLARED_SELECTOR = YES;
				GCC_WARN_UNINITIALIZED_AUTOS = YES_AGGRESSIVE;
				GCC_WARN_UNUSED_FUNCTION = YES;
				GCC_WARN_UNUSED_VARIABLE = YES;
				IPHONEOS_DEPLOYMENT_TARGET = 26.2;
				LOCALIZATION_PREFERS_STRING_CATALOGS = YES;
				MTL_ENABLE_DEBUG_INFO = NO;
				MTL_FAST_MATH = YES;
				SDKROOT = iphoneos;
				SWIFT_COMPILATION_MODE = wholemodule;
				VALIDATE_PRODUCT = YES;
			};
			name = Release;
		};
		8B7FEE242FEC24A90055FDF8 /* Debug */ = {
			isa = XCBuildConfiguration;
			buildSettings = {
				ASSETCATALOG_COMPILER_APPICON_NAME = AppIcon;
				ASSETCATALOG_COMPILER_GLOBAL_ACCENT_COLOR_NAME = AccentColor;
				CODE_SIGN_IDENTITY = "Apple Development";
				CODE_SIGN_STYLE = Automatic;
				CURRENT_PROJECT_VERSION = 1;
				DEVELOPMENT_TEAM = SPGHN7NVU3;
				ENABLE_PREVIEWS = YES;
				GENERATE_INFOPLIST_FILE = YES;
				INFOPLIST_FILE = Info.plist;
				INFOPLIST_KEY_LSApplicationCategoryType = "public.app-category.education";
				INFOPLIST_KEY_NSLocationAlwaysAndWhenInUseUsageDescription = "We use your location to show your position on the map and provide location-based features.";
				INFOPLIST_KEY_NSLocationWhenInUseUsageDescription = "We use your location to show your position on the map and provide location-based features.";
				INFOPLIST_KEY_NSMicrophoneUsageDescription = "We use the microphone to transcribe your speech into text.";
				INFOPLIST_KEY_UIApplicationSceneManifest_Generation = NO;
				INFOPLIST_KEY_UIApplicationSupportsIndirectInputEvents = YES;
				INFOPLIST_KEY_UILaunchScreen_Generation = YES;
				INFOPLIST_KEY_UISupportedInterfaceOrientations = "UIInterfaceOrientationLandscapeLeft UIInterfaceOrientationLandscapeRight UIInterfaceOrientationPortrait";
				INFOPLIST_KEY_UISupportedInterfaceOrientations_iPad = "UIInterfaceOrientationLandscapeLeft UIInterfaceOrientationLandscapeRight UIInterfaceOrientationPortrait UIInterfaceOrientationPortraitUpsideDown";
				IPHONEOS_DEPLOYMENT_TARGET = 26.0;
				LD_RUNPATH_SEARCH_PATHS = (
					"$(inherited)",
					"@executable_path/Frameworks",
				);
				MARKETING_VERSION = 1.0;
				PRODUCT_BUNDLE_IDENTIFIER = com.rigil.vectrapro;
				PRODUCT_NAME = "$(TARGET_NAME)";
				PROVISIONING_PROFILE_SPECIFIER = "";
				STRING_CATALOG_GENERATE_SYMBOLS = YES;
				SWIFT_APPROACHABLE_CONCURRENCY = YES;
				SWIFT_DEFAULT_ACTOR_ISOLATION = MainActor;
				SWIFT_EMIT_LOC_STRINGS = YES;
				SWIFT_UPCOMING_FEATURE_MEMBER_IMPORT_VISIBILITY = YES;
				SWIFT_VERSION = 5.0;
				TARGETED_DEVICE_FAMILY = "1,2";
			};
			name = Debug;
		};
		8B7FEE252FEC24A90055FDF8 /* Release */ = {
			isa = XCBuildConfiguration;
			buildSettings = {
				ASSETCATALOG_COMPILER_APPICON_NAME = AppIcon;
				ASSETCATALOG_COMPILER_GLOBAL_ACCENT_COLOR_NAME = AccentColor;
				CODE_SIGN_IDENTITY = "Apple Development";
				CODE_SIGN_STYLE = Automatic;
				CURRENT_PROJECT_VERSION = 1;
				DEVELOPMENT_TEAM = SPGHN7NVU3;
				ENABLE_PREVIEWS = YES;
				GENERATE_INFOPLIST_FILE = YES;
				INFOPLIST_FILE = Info.plist;
				INFOPLIST_KEY_LSApplicationCategoryType = "public.app-category.education";
				INFOPLIST_KEY_NSLocationAlwaysAndWhenInUseUsageDescription = "We use your location to show your position on the map and provide location-based features.";
				INFOPLIST_KEY_NSLocationWhenInUseUsageDescription = "We use your location to show your position on the map and provide location-based features.";
				INFOPLIST_KEY_NSMicrophoneUsageDescription = "We use the microphone to transcribe your speech into text.";
				INFOPLIST_KEY_UIApplicationSceneManifest_Generation = NO;
				INFOPLIST_KEY_UIApplicationSupportsIndirectInputEvents = YES;
				INFOPLIST_KEY_UILaunchScreen_Generation = YES;
				INFOPLIST_KEY_UISupportedInterfaceOrientations = "UIInterfaceOrientationLandscapeLeft UIInterfaceOrientationLandscapeRight UIInterfaceOrientationPortrait";
				INFOPLIST_KEY_UISupportedInterfaceOrientations_iPad = "UIInterfaceOrientationLandscapeLeft UIInterfaceOrientationLandscapeRight UIInterfaceOrientationPortrait UIInterfaceOrientationPortraitUpsideDown";
				IPHONEOS_DEPLOYMENT_TARGET = 26.0;
				LD_RUNPATH_SEARCH_PATHS = (
					"$(inherited)",
					"@executable_path/Frameworks",
				);
				MARKETING_VERSION = 1.0;
				PRODUCT_BUNDLE_IDENTIFIER = com.rigil.vectrapro;
				PRODUCT_NAME = "$(TARGET_NAME)";
				PROVISIONING_PROFILE_SPECIFIER = "";
				STRING_CATALOG_GENERATE_SYMBOLS = YES;
				SWIFT_APPROACHABLE_CONCURRENCY = YES;
				SWIFT_DEFAULT_ACTOR_ISOLATION = MainActor;
				SWIFT_EMIT_LOC_STRINGS = YES;
				SWIFT_UPCOMING_FEATURE_MEMBER_IMPORT_VISIBILITY = YES;
				SWIFT_VERSION = 5.0;
				TARGETED_DEVICE_FAMILY = "1,2";
			};
			name = Release;
		};
		8B7FEE272FEC24A90055FDF8 /* Debug */ = {
			isa = XCBuildConfiguration;
			buildSettings = {
				BUNDLE_LOADER = "$(TEST_HOST)";
				CODE_SIGN_STYLE = Automatic;
				CURRENT_PROJECT_VERSION = 1;
				DEVELOPMENT_TEAM = SPGHN7NVU3;
				GENERATE_INFOPLIST_FILE = YES;
				IPHONEOS_DEPLOYMENT_TARGET = 26.2;
				MARKETING_VERSION = 1.0;
				PRODUCT_BUNDLE_IDENTIFIER = com.rigil.VectraProTests;
				PRODUCT_NAME = "$(TARGET_NAME)";
				STRING_CATALOG_GENERATE_SYMBOLS = NO;
				SWIFT_APPROACHABLE_CONCURRENCY = YES;
				SWIFT_EMIT_LOC_STRINGS = NO;
				SWIFT_UPCOMING_FEATURE_MEMBER_IMPORT_VISIBILITY = YES;
				SWIFT_VERSION = 5.0;
				TARGETED_DEVICE_FAMILY = "1,2";
				TEST_HOST = "$(BUILT_PRODUCTS_DIR)/VectraPro.app/$(BUNDLE_EXECUTABLE_FOLDER_PATH)/VectraPro";
			};
			name = Debug;
		};
		8B7FEE282FEC24A90055FDF8 /* Release */ = {
			isa = XCBuildConfiguration;
			buildSettings = {
				BUNDLE_LOADER = "$(TEST_HOST)";
				CODE_SIGN_STYLE = Automatic;
				CURRENT_PROJECT_VERSION = 1;
				DEVELOPMENT_TEAM = SPGHN7NVU3;
				GENERATE_INFOPLIST_FILE = YES;
				IPHONEOS_DEPLOYMENT_TARGET = 26.2;
				MARKETING_VERSION = 1.0;
				PRODUCT_BUNDLE_IDENTIFIER = com.rigil.VectraProTests;
				PRODUCT_NAME = "$(TARGET_NAME)";
				STRING_CATALOG_GENERATE_SYMBOLS = NO;
				SWIFT_APPROACHABLE_CONCURRENCY = YES;
				SWIFT_EMIT_LOC_STRINGS = NO;
				SWIFT_UPCOMING_FEATURE_MEMBER_IMPORT_VISIBILITY = YES;
				SWIFT_VERSION = 5.0;
				TARGETED_DEVICE_FAMILY = "1,2";
				TEST_HOST = "$(BUILT_PRODUCTS_DIR)/VectraPro.app/$(BUNDLE_EXECUTABLE_FOLDER_PATH)/VectraPro";
			};
			name = Release;
		};
		8B7FEE2A2FEC24A90055FDF8 /* Debug */ = {
			isa = XCBuildConfiguration;
			buildSettings = {
				CODE_SIGN_STYLE = Automatic;
				CURRENT_PROJECT_VERSION = 1;
				DEVELOPMENT_TEAM = SPGHN7NVU3;
				GENERATE_INFOPLIST_FILE = YES;
				MARKETING_VERSION = 1.0;
				PRODUCT_BUNDLE_IDENTIFIER = com.rigil.VectraProUITests;
				PRODUCT_NAME = "$(TARGET_NAME)";
				STRING_CATALOG_GENERATE_SYMBOLS = NO;
				SWIFT_APPROACHABLE_CONCURRENCY = YES;
				SWIFT_EMIT_LOC_STRINGS = NO;
				SWIFT_UPCOMING_FEATURE_MEMBER_IMPORT_VISIBILITY = YES;
				SWIFT_VERSION = 5.0;
				TARGETED_DEVICE_FAMILY = "1,2";
				TEST_TARGET_NAME = VectraPro;
			};
			name = Debug;
		};
		8B7FEE2B2FEC24A90055FDF8 /* Release */ = {
			isa = XCBuildConfiguration;
			buildSettings = {
				CODE_SIGN_STYLE = Automatic;
				CURRENT_PROJECT_VERSION = 1;
				DEVELOPMENT_TEAM = SPGHN7NVU3;
				GENERATE_INFOPLIST_FILE = YES;
				MARKETING_VERSION = 1.0;
				PRODUCT_BUNDLE_IDENTIFIER = com.rigil.VectraProUITests;
				PRODUCT_NAME = "$(TARGET_NAME)";
				STRING_CATALOG_GENERATE_SYMBOLS = NO;
				SWIFT_APPROACHABLE_CONCURRENCY = YES;
				SWIFT_EMIT_LOC_STRINGS = NO;
				SWIFT_UPCOMING_FEATURE_MEMBER_IMPORT_VISIBILITY = YES;
				SWIFT_VERSION = 5.0;
				TARGETED_DEVICE_FAMILY = "1,2";
				TEST_TARGET_NAME = VectraPro;
			};
			name = Release;
		};
/* End XCBuildConfiguration section */

/* Begin XCConfigurationList section */
		8B7FEDFB2FEC24A70055FDF8 /* Build configuration list for PBXProject "VectraPro" */ = {
			isa = XCConfigurationList;
			buildConfigurations = (
				8B7FEE212FEC24A90055FDF8 /* Debug */,
				8B7FEE222FEC24A90055FDF8 /* Release */,
			);
			defaultConfigurationIsVisible = 0;
			defaultConfigurationName = Release;
		};
		8B7FEE232FEC24A90055FDF8 /* Build configuration list for PBXNativeTarget "VectraPro" */ = {
			isa = XCConfigurationList;
			buildConfigurations = (
				8B7FEE242FEC24A90055FDF8 /* Debug */,
				8B7FEE252FEC24A90055FDF8 /* Release */,
			);
			defaultConfigurationIsVisible = 0;
			defaultConfigurationName = Release;
		};
		8B7FEE262FEC24A90055FDF8 /* Build configuration list for PBXNativeTarget "VectraProTests" */ = {
			isa = XCConfigurationList;
			buildConfigurations = (
				8B7FEE272FEC24A90055FDF8 /* Debug */,
				8B7FEE282FEC24A90055FDF8 /* Release */,
			);
			defaultConfigurationIsVisible = 0;
			defaultConfigurationName = Release;
		};
		8B7FEE292FEC24A90055FDF8 /* Build configuration list for PBXNativeTarget "VectraProUITests" */ = {
			isa = XCConfigurationList;
			buildConfigurations = (
				8B7FEE2A2FEC24A90055FDF8 /* Debug */,
				8B7FEE2B2FEC24A90055FDF8 /* Release */,
			);
			defaultConfigurationIsVisible = 0;
			defaultConfigurationName = Release;
		};
/* End XCConfigurationList section */

/* Begin XCLocalSwiftPackageReference section */
		4E70000000000000000000C3 /* XCLocalSwiftPackageReference "LocalPackages/NetworkKit" */ = {
			isa = XCLocalSwiftPackageReference;
			relativePath = LocalPackages/NetworkKit;
		};
		5EEC000000000000000000A3 /* XCLocalSwiftPackageReference "LocalPackages/SpeechKit" */ = {
			isa = XCLocalSwiftPackageReference;
			relativePath = LocalPackages/SpeechKit;
		};
		A7C000000000000000000E3 /* XCLocalSwiftPackageReference "LocalPackages/ATCSimKit" */ = {
			isa = XCLocalSwiftPackageReference;
			relativePath = LocalPackages/ATCSimKit;
		};
		C5C5C5C5C5C5C5C5C5C5C503 /* XCLocalSwiftPackageReference "LocalPackages/MicrosoftCognitiveServicesSpeech" */ = {
			isa = XCLocalSwiftPackageReference;
			relativePath = LocalPackages/MicrosoftCognitiveServicesSpeech;
		};
/* End XCLocalSwiftPackageReference section */

/* Begin XCRemoteSwiftPackageReference section */
		6E0C170000000000000000A3 /* XCRemoteSwiftPackageReference "GeoNavKit" */ = {
			isa = XCRemoteSwiftPackageReference;
			repositoryURL = "https://github.com/ishantve/GeoNavKit.git";
			requirement = {
				kind = upToNextMajorVersion;
				minimumVersion = 1.0.0;
			};
		};
		A7C9DD0000000000000000D3 /* XCRemoteSwiftPackageReference "ATCParserKit" */ = {
			isa = XCRemoteSwiftPackageReference;
			repositoryURL = "https://github.com/ishantve/ATCParserKit.git";
			requirement = {
				kind = upToNextMajorVersion;
				minimumVersion = 1.0.0;
			};
		};
		8B7FEE2C2FEC24E10055FDF8 /* XCRemoteSwiftPackageReference "maplibre-gl-native-distribution" */ = {
			isa = XCRemoteSwiftPackageReference;
			repositoryURL = "https://github.com/maplibre/maplibre-gl-native-distribution";
			requirement = {
				kind = upToNextMajorVersion;
				minimumVersion = 6.0.0;
			};
		};
		A1A1A1A1A1A1A1A1A1A1A103 /* XCRemoteSwiftPackageReference "ios-maps-sdk" */ = {
			isa = XCRemoteSwiftPackageReference;
			repositoryURL = "https://github.com/googlemaps/ios-maps-sdk";
			requirement = {
				kind = upToNextMajorVersion;
				minimumVersion = 10.0.0;
			};
		};
/* End XCRemoteSwiftPackageReference section */

/* Begin XCSwiftPackageProductDependency section */
		4E70000000000000000000C2 /* NetworkKit */ = {
			isa = XCSwiftPackageProductDependency;
			package = 4E70000000000000000000C3 /* XCLocalSwiftPackageReference "LocalPackages/NetworkKit" */;
			productName = NetworkKit;
		};
		A7C9DD0000000000000000D2 /* ATCParserKit */ = {
			isa = XCSwiftPackageProductDependency;
			package = A7C9DD0000000000000000D3 /* XCRemoteSwiftPackageReference "ATCParserKit" */;
			productName = ATCParserKit;
		};
		5EEC000000000000000000A2 /* SpeechKit */ = {
			isa = XCSwiftPackageProductDependency;
			package = 5EEC000000000000000000A3 /* XCLocalSwiftPackageReference "LocalPackages/SpeechKit" */;
			productName = SpeechKit;
		};
		6E0C170000000000000000A2 /* GeoNavKit */ = {
			isa = XCSwiftPackageProductDependency;
			package = 6E0C170000000000000000A3 /* XCRemoteSwiftPackageReference "GeoNavKit" */;
			productName = GeoNavKit;
		};
		6E0C170000000000000000B2 /* GeoNavKit */ = {
			isa = XCSwiftPackageProductDependency;
			package = 6E0C170000000000000000A3 /* XCRemoteSwiftPackageReference "GeoNavKit" */;
			productName = GeoNavKit;
		};
		8B7FEE2D2FEC24E10055FDF8 /* MapLibre */ = {
			isa = XCSwiftPackageProductDependency;
			package = 8B7FEE2C2FEC24E10055FDF8 /* XCRemoteSwiftPackageReference "maplibre-gl-native-distribution" */;
			productName = MapLibre;
		};
		A1A1A1A1A1A1A1A1A1A1A102 /* GoogleMaps */ = {
			isa = XCSwiftPackageProductDependency;
			package = A1A1A1A1A1A1A1A1A1A1A103 /* XCRemoteSwiftPackageReference "ios-maps-sdk" */;
			productName = GoogleMaps;
		};
		A7C000000000000000000E2 /* ATCSimKit */ = {
			isa = XCSwiftPackageProductDependency;
			package = A7C000000000000000000E3 /* XCLocalSwiftPackageReference "LocalPackages/ATCSimKit" */;
			productName = ATCSimKit;
		};
		A7C000000000000000000F2 /* ATCSimKit */ = {
			isa = XCSwiftPackageProductDependency;
			package = A7C000000000000000000E3 /* XCLocalSwiftPackageReference "LocalPackages/ATCSimKit" */;
			productName = ATCSimKit;
		};
		C5C5C5C5C5C5C5C5C5C5C502 /* MicrosoftCognitiveServicesSpeech */ = {
			isa = XCSwiftPackageProductDependency;
			package = C5C5C5C5C5C5C5C5C5C5C503 /* XCLocalSwiftPackageReference "LocalPackages/MicrosoftCognitiveServicesSpeech" */;
			productName = MicrosoftCognitiveServicesSpeech;
		};
/* End XCSwiftPackageProductDependency section */
	};
	rootObject = 8B7FEDF82FEC24A70055FDF8 /* Project object */;
}
