{
  "originHash" : "e2d57ed376725fbc9cd3e9c811144078e2b5ae0d85cda047f93c255e5d9e0853",
  "pins" : [
    {
      "identity" : "maplibre-gl-native-distribution",
      "kind" : "remoteSourceControl",
      "location" : "https://github.com/maplibre/maplibre-gl-native-distribution",
      "state" : {
        "revision" : "84a79bc375a301169390ac110c868f06c857b83f",
        "version" : "6.27.0"
      }
    }
  ],
  "version" : 3
}
