{
  "originHash" : "55cdf08a14c151a33b7caafe8a4d5e355d5fb6939a18d2382fbb96973d9a6f85",
  "pins" : [
    {
      "identity" : "atcparserkit",
      "kind" : "remoteSourceControl",
      "location" : "https://github.com/ishantve/ATCParserKit.git",
      "state" : {
        "revision" : "6bf2ec2832896ce186ca2cabd8ca54975dca9f6d",
        "version" : "1.4.0"
      }
    },
    {
      "identity" : "geonavkit",
      "kind" : "remoteSourceControl",
      "location" : "https://github.com/ishantve/GeoNavKit.git",
      "state" : {
        "revision" : "cd9d341cb09c09aec55a4f272f630f944f7f3512",
        "version" : "1.0.1"
      }
    },
    {
      "identity" : "ios-maps-sdk",
      "kind" : "remoteSourceControl",
      "location" : "https://github.com/googlemaps/ios-maps-sdk",
      "state" : {
        "revision" : "c37c4946d60f0ab069476d5781053b837771546e",
        "version" : "11.0.0"
      }
    },
    {
      "identity" : "maplibre-gl-native-distribution",
      "kind" : "remoteSourceControl",
      "location" : "https://github.com/maplibre/maplibre-gl-native-distribution",
      "state" : {
        "revision" : "84a79bc375a301169390ac110c868f06c857b83f",
        "version" : "6.27.0"
      }
    },
    {
      "identity" : "replaycore",
      "kind" : "remoteSourceControl",
      "location" : "https://github.com/ishantve/ReplayCore.git",
      "state" : {
        "revision" : "113b1cc3d982e3c888ac946c686c49ba19e1cb75",
        "version" : "0.1.0"
      }
    },
    {
      "identity" : "voskspeechkit",
      "kind" : "remoteSourceControl",
      "location" : "https://github.com/ishantve/VoskSpeechKit.git",
      "state" : {
        "revision" : "2ffd17a4c3d62290e4601459e01454753d4411a7",
        "version" : "0.1.2"
      }
    }
  ],
  "version" : 3
}
